// !$*UTF8*$!
{
	archiveVersion = 1;
	classes = {
	};
	objectVersion = 52;
	objects = {

/* Begin PBXBuildFile section */
		B507F00826E2C0F700861CEE /* CanvasStructs.swift in Sources */ = {isa = PBXBuildFile; fileRef = B507F00726E2C0F600861CEE /* CanvasStructs.swift */; };
		B507F02726E3E15500861CEE /* WidgetKit.framework in Frameworks */ = {isa = PBXBuildFile; fileRef = B507EFF326E2B6DD00861CEE /* WidgetKit.framework */; };
		B507F02826E3E15500861CEE /* SwiftUI.framework in Frameworks */ = {isa = PBXBuildFile; fileRef = B507EFF526E2B6DD00861CEE /* SwiftUI.framework */; };
		B507F02B26E3E15500861CEE /* AssignmentWidget.swift in Sources */ = {isa = PBXBuildFile; fileRef = B507F02A26E3E15500861CEE /* AssignmentWidget.swift */; };
		B507F02D26E3E15600861CEE /* Assets.xcassets in Resources */ = {isa = PBXBuildFile; fileRef = B507F02C26E3E15600861CEE /* Assets.xcassets */; };
		B507F03126E3E15600861CEE /* AssignmentWidget.appex in Embed App Extensions */ = {isa = PBXBuildFile; fileRef = B507F02626E3E15500861CEE /* AssignmentWidget.appex */; settings = {ATTRIBUTES = (RemoveHeadersOnCopy, ); }; };
		B507F03526E3E23100861CEE /* CanvasStructs.swift in Sources */ = {isa = PBXBuildFile; fileRef = B507F00726E2C0F600861CEE /* CanvasStructs.swift */; };
		B507F03A26E3E26200861CEE /* Date-Extensions.swift in Sources */ = {isa = PBXBuildFile; fileRef = B52F2D4426E13F6100AAEDC0 /* Date-Extensions.swift */; };
		B507F03B26E3E26400861CEE /* Color-Extensions.swift in Sources */ = {isa = PBXBuildFile; fileRef = B57A2C8D26D96E280047C6E2 /* Color-Extensions.swift */; };
		B507F03C26E3E26600861CEE /* Array-AppStorage.swift in Sources */ = {isa = PBXBuildFile; fileRef = B5A0987626E00E3300411DCC /* Array-AppStorage.swift */; };
		B507F03D26E3E26800861CEE /* CourseColors.swift in Sources */ = {isa = PBXBuildFile; fileRef = B57A2C9126DB37B00047C6E2 /* CourseColors.swift */; };
		B507F03E26E3E26A00861CEE /* View-Extensions.swift in Sources */ = {isa = PBXBuildFile; fileRef = B57A2C9526DB3CEB0047C6E2 /* View-Extensions.swift */; };
		B507F04426E409D000861CEE /* URL-Extensions.swift in Sources */ = {isa = PBXBuildFile; fileRef = B507F04326E409D000861CEE /* URL-Extensions.swift */; };
		B507F04526E409D700861CEE /* URL-Extensions.swift in Sources */ = {isa = PBXBuildFile; fileRef = B507F04326E409D000861CEE /* URL-Extensions.swift */; };
		B507F04726E413A600861CEE /* Course.swift in Sources */ = {isa = PBXBuildFile; fileRef = B507F04626E413A600861CEE /* Course.swift */; };
		B507F04826E41EBA00861CEE /* Course.swift in Sources */ = {isa = PBXBuildFile; fileRef = B507F04626E413A600861CEE /* Course.swift */; };
		B507F04D26E9EAAB00861CEE /* ReadSize.swift in Sources */ = {isa = PBXBuildFile; fileRef = B507F04C26E9EAAB00861CEE /* ReadSize.swift */; };
		B507F04F26E9EFDD00861CEE /* ReadSize.swift in Sources */ = {isa = PBXBuildFile; fileRef = B507F04C26E9EAAB00861CEE /* ReadSize.swift */; };
		B507F05126EA929900861CEE /* MeView.swift in Sources */ = {isa = PBXBuildFile; fileRef = B507F05026EA929900861CEE /* MeView.swift */; };
		B51547C927054F0C00AE5C3B /* CanvasAPI.swift in Sources */ = {isa = PBXBuildFile; fileRef = B5A920E226EF439200A71336 /* CanvasAPI.swift */; };
		B51D0B2E27002A8F0098A3FD /* AssignmentWidgetIntent.intentdefinition in Sources */ = {isa = PBXBuildFile; fileRef = B5ACC118270026AD009A8E69 /* AssignmentWidgetIntent.intentdefinition */; };
		B51D0B2F2700342D0098A3FD /* AssignmentWidgetIntent.intentdefinition in Sources */ = {isa = PBXBuildFile; fileRef = B5ACC118270026AD009A8E69 /* AssignmentWidgetIntent.intentdefinition */; };
		B51D0B3A27004A0A0098A3FD /* WhatsNewKit in Frameworks */ = {isa = PBXBuildFile; productRef = B51D0B3927004A0A0098A3FD /* WhatsNewKit */; };
		B51D0B3C27004A0A0098A3FD /* WhatsNewKitSwiftUI in Frameworks */ = {isa = PBXBuildFile; productRef = B51D0B3B27004A0A0098A3FD /* WhatsNewKitSwiftUI */; };
		B51D0B3E27016F920098A3FD /* TipJarView.swift in Sources */ = {isa = PBXBuildFile; fileRef = B51D0B3D27016F920098A3FD /* TipJarView.swift */; };
		B51D0B582702D5520098A3FD /* Luminosity.swift in Sources */ = {isa = PBXBuildFile; fileRef = B51D0B522702D5520098A3FD /* Luminosity.swift */; };
		B51D0B592702D5520098A3FD /* RandomColor.swift in Sources */ = {isa = PBXBuildFile; fileRef = B51D0B532702D5520098A3FD /* RandomColor.swift */; };
		B51D0B5A2702D5520098A3FD /* ColorDefinition.swift in Sources */ = {isa = PBXBuildFile; fileRef = B51D0B542702D5520098A3FD /* ColorDefinition.swift */; };
		B51D0B5B2702D5520098A3FD /* Hue.swift in Sources */ = {isa = PBXBuildFile; fileRef = B51D0B552702D5520098A3FD /* Hue.swift */; };
		B51D0B5E270301F30098A3FD /* Assignment.swift in Sources */ = {isa = PBXBuildFile; fileRef = B51D0B5D270301F30098A3FD /* Assignment.swift */; };
		B51D0B5F2703024F0098A3FD /* Assignment.swift in Sources */ = {isa = PBXBuildFile; fileRef = B51D0B5D270301F30098A3FD /* Assignment.swift */; };
		B51D0B612703077E0098A3FD /* AcrylicWhatsNew.swift in Sources */ = {isa = PBXBuildFile; fileRef = B51D0B602703077E0098A3FD /* AcrylicWhatsNew.swift */; };
		B51D0B63270309360098A3FD /* SafariView.swift in Sources */ = {isa = PBXBuildFile; fileRef = B51D0B62270309360098A3FD /* SafariView.swift */; };
		B51D0B65270316510098A3FD /* CellHeightAnimatable.swift in Sources */ = {isa = PBXBuildFile; fileRef = B51D0B64270316510098A3FD /* CellHeightAnimatable.swift */; };
		B51D0B67270318830098A3FD /* HiddenView.swift in Sources */ = {isa = PBXBuildFile; fileRef = B51D0B66270318830098A3FD /* HiddenView.swift */; };
		B51D0B6B270384680098A3FD /* MeButton.swift in Sources */ = {isa = PBXBuildFile; fileRef = B51D0B6A270384680098A3FD /* MeButton.swift */; };
		B52F2D4526E13F6100AAEDC0 /* Date-Extensions.swift in Sources */ = {isa = PBXBuildFile; fileRef = B52F2D4426E13F6100AAEDC0 /* Date-Extensions.swift */; };
		B54E5EB126EBE07A0076C55C /* Introspect in Frameworks */ = {isa = PBXBuildFile; productRef = B54E5EB026EBE07A0076C55C /* Introspect */; };
		B57A2C5126D6B37F0047C6E2 /* AcrylicApp.swift in Sources */ = {isa = PBXBuildFile; fileRef = B57A2C5026D6B37F0047C6E2 /* AcrylicApp.swift */; };
		B57A2C5326D6B37F0047C6E2 /* ContentView.swift in Sources */ = {isa = PBXBuildFile; fileRef = B57A2C5226D6B37F0047C6E2 /* ContentView.swift */; };
		B57A2C5526D6B3800047C6E2 /* Assets.xcassets in Resources */ = {isa = PBXBuildFile; fileRef = B57A2C5426D6B3800047C6E2 /* Assets.xcassets */; };
		B57A2C5826D6B3800047C6E2 /* Preview Assets.xcassets in Resources */ = {isa = PBXBuildFile; fileRef = B57A2C5726D6B3800047C6E2 /* Preview Assets.xcassets */; };
		B57A2C6826D6B3800047C6E2 /* Assignment_TrackerTests.swift in Sources */ = {isa = PBXBuildFile; fileRef = B57A2C6726D6B3800047C6E2 /* Assignment_TrackerTests.swift */; };
		B57A2C7326D6B3800047C6E2 /* Assignment_TrackerUITests.swift in Sources */ = {isa = PBXBuildFile; fileRef = B57A2C7226D6B3800047C6E2 /* Assignment_TrackerUITests.swift */; };
		B57A2C8B26D967250047C6E2 /* CourseList.swift in Sources */ = {isa = PBXBuildFile; fileRef = B57A2C8A26D967250047C6E2 /* CourseList.swift */; };
		B57A2C8E26D96E280047C6E2 /* Color-Extensions.swift in Sources */ = {isa = PBXBuildFile; fileRef = B57A2C8D26D96E280047C6E2 /* Color-Extensions.swift */; };
		B57A2C9026D9712A0047C6E2 /* AddCourse.swift in Sources */ = {isa = PBXBuildFile; fileRef = B57A2C8F26D9712A0047C6E2 /* AddCourse.swift */; };
		B57A2C9226DB37B00047C6E2 /* CourseColors.swift in Sources */ = {isa = PBXBuildFile; fileRef = B57A2C9126DB37B00047C6E2 /* CourseColors.swift */; };
		B57A2C9626DB3CEB0047C6E2 /* View-Extensions.swift in Sources */ = {isa = PBXBuildFile; fileRef = B57A2C9526DB3CEB0047C6E2 /* View-Extensions.swift */; };
		B57A2C9826DD7B650047C6E2 /* AssignmentList.swift in Sources */ = {isa = PBXBuildFile; fileRef = B57A2C9726DD7B650047C6E2 /* AssignmentList.swift */; };
		B57A2C9E26DE8A450047C6E2 /* GetCourses.swift in Sources */ = {isa = PBXBuildFile; fileRef = B57A2C9D26DE8A450047C6E2 /* GetCourses.swift */; };
		B5A0987026DEFA9500411DCC /* Settings.swift in Sources */ = {isa = PBXBuildFile; fileRef = B5A0986F26DEFA9500411DCC /* Settings.swift */; };
		B5A0987726E00E3300411DCC /* Array-AppStorage.swift in Sources */ = {isa = PBXBuildFile; fileRef = B5A0987626E00E3300411DCC /* Array-AppStorage.swift */; };
		B5A920E126EF3F3300A71336 /* Gradient-Foreground.swift in Sources */ = {isa = PBXBuildFile; fileRef = B5A920E026EF3F3300A71336 /* Gradient-Foreground.swift */; };
		B5A920E326EF439200A71336 /* CanvasAPI.swift in Sources */ = {isa = PBXBuildFile; fileRef = B5A920E226EF439200A71336 /* CanvasAPI.swift */; };
		B5A920E626EFB03E00A71336 /* SwiftUIMailView in Frameworks */ = {isa = PBXBuildFile; productRef = B5A920E526EFB03E00A71336 /* SwiftUIMailView */; };
		B5A920E826EFB4FC00A71336 /* BoardingView.swift in Sources */ = {isa = PBXBuildFile; fileRef = B5A920E726EFB4FC00A71336 /* BoardingView.swift */; };
		B5ACC11326FEE8C7009A8E69 /* ColorsEqual.swift in Sources */ = {isa = PBXBuildFile; fileRef = B5ACC11226FEE8C7009A8E69 /* ColorsEqual.swift */; };
		B5ACC11526FFF6CA009A8E69 /* Bundle-Extensions.swift in Sources */ = {isa = PBXBuildFile; fileRef = B5ACC11426FFF6CA009A8E69 /* Bundle-Extensions.swift */; };
		B5ACC11727001550009A8E69 /* AppIcons.swift in Sources */ = {isa = PBXBuildFile; fileRef = B5ACC11627001550009A8E69 /* AppIcons.swift */; };
/* End PBXBuildFile section */

/* Begin PBXContainerItemProxy section */
		B507F02F26E3E15600861CEE /* PBXContainerItemProxy */ = {
			isa = PBXContainerItemProxy;
			containerPortal = B57A2C4526D6B37F0047C6E2 /* Project object */;
			proxyType = 1;
			remoteGlobalIDString = B507F02526E3E15500861CEE;
			remoteInfo = AssignmentWidgetExtension;
		};
		B57A2C6426D6B3800047C6E2 /* PBXContainerItemProxy */ = {
			isa = PBXContainerItemProxy;
			containerPortal = B57A2C4526D6B37F0047C6E2 /* Project object */;
			proxyType = 1;
			remoteGlobalIDString = B57A2C4C26D6B37F0047C6E2;
			remoteInfo = "Assignment Tracker";
		};
		B57A2C6F26D6B3800047C6E2 /* PBXContainerItemProxy */ = {
			isa = PBXContainerItemProxy;
			containerPortal = B57A2C4526D6B37F0047C6E2 /* Project object */;
			proxyType = 1;
			remoteGlobalIDString = B57A2C4C26D6B37F0047C6E2;
			remoteInfo = "Assignment Tracker";
		};
/* End PBXContainerItemProxy section */

/* Begin PBXCopyFilesBuildPhase section */
		B507F00626E2B6DE00861CEE /* Embed App Extensions */ = {
			isa = PBXCopyFilesBuildPhase;
			buildActionMask = 2147483647;
			dstPath = "";
			dstSubfolderSpec = 13;
			files = (
				B507F03126E3E15600861CEE /* AssignmentWidget.appex in Embed App Extensions */,
			);
			name = "Embed App Extensions";
			runOnlyForDeploymentPostprocessing = 0;
		};
/* End PBXCopyFilesBuildPhase section */

/* Begin PBXFileReference section */
		B507EFF326E2B6DD00861CEE /* WidgetKit.framework */ = {isa = PBXFileReference; lastKnownFileType = wrapper.framework; name = WidgetKit.framework; path = System/Library/Frameworks/WidgetKit.framework; sourceTree = SDKROOT; };
		B507EFF526E2B6DD00861CEE /* SwiftUI.framework */ = {isa = PBXFileReference; lastKnownFileType = wrapper.framework; name = SwiftUI.framework; path = System/Library/Frameworks/SwiftUI.framework; sourceTree = SDKROOT; };
		B507F00726E2C0F600861CEE /* CanvasStructs.swift */ = {isa = PBXFileReference; fileEncoding = 4; lastKnownFileType = sourcecode.swift; path = CanvasStructs.swift; sourceTree = "<group>"; };
		B507F02626E3E15500861CEE /* AssignmentWidget.appex */ = {isa = PBXFileReference; explicitFileType = "wrapper.app-extension"; includeInIndex = 0; path = AssignmentWidget.appex; sourceTree = BUILT_PRODUCTS_DIR; };
		B507F02A26E3E15500861CEE /* AssignmentWidget.swift */ = {isa = PBXFileReference; lastKnownFileType = sourcecode.swift; path = AssignmentWidget.swift; sourceTree = "<group>"; };
		B507F02C26E3E15600861CEE /* Assets.xcassets */ = {isa = PBXFileReference; lastKnownFileType = folder.assetcatalog; path = Assets.xcassets; sourceTree = "<group>"; };
		B507F02E26E3E15600861CEE /* Info.plist */ = {isa = PBXFileReference; lastKnownFileType = text.plist.xml; path = Info.plist; sourceTree = "<group>"; };
		B507F03F26E4038900861CEE /* Acrylic.entitlements */ = {isa = PBXFileReference; lastKnownFileType = text.plist.entitlements; path = Acrylic.entitlements; sourceTree = "<group>"; };
		B507F04226E407E100861CEE /* AssignmentWidget.entitlements */ = {isa = PBXFileReference; lastKnownFileType = text.plist.entitlements; path = AssignmentWidget.entitlements; sourceTree = "<group>"; };
		B507F04326E409D000861CEE /* URL-Extensions.swift */ = {isa = PBXFileReference; lastKnownFileType = sourcecode.swift; path = "URL-Extensions.swift"; sourceTree = "<group>"; };
		B507F04626E413A600861CEE /* Course.swift */ = {isa = PBXFileReference; lastKnownFileType = sourcecode.swift; path = Course.swift; sourceTree = "<group>"; };
		B507F04C26E9EAAB00861CEE /* ReadSize.swift */ = {isa = PBXFileReference; lastKnownFileType = sourcecode.swift; path = ReadSize.swift; sourceTree = "<group>"; };
		B507F05026EA929900861CEE /* MeView.swift */ = {isa = PBXFileReference; lastKnownFileType = sourcecode.swift; path = MeView.swift; sourceTree = "<group>"; };
		B51D0B3D27016F920098A3FD /* TipJarView.swift */ = {isa = PBXFileReference; lastKnownFileType = sourcecode.swift; path = TipJarView.swift; sourceTree = "<group>"; };
		B51D0B522702D5520098A3FD /* Luminosity.swift */ = {isa = PBXFileReference; fileEncoding = 4; lastKnownFileType = sourcecode.swift; path = Luminosity.swift; sourceTree = "<group>"; };
		B51D0B532702D5520098A3FD /* RandomColor.swift */ = {isa = PBXFileReference; fileEncoding = 4; lastKnownFileType = sourcecode.swift; path = RandomColor.swift; sourceTree = "<group>"; };
		B51D0B542702D5520098A3FD /* ColorDefinition.swift */ = {isa = PBXFileReference; fileEncoding = 4; lastKnownFileType = sourcecode.swift; path = ColorDefinition.swift; sourceTree = "<group>"; };
		B51D0B552702D5520098A3FD /* Hue.swift */ = {isa = PBXFileReference; fileEncoding = 4; lastKnownFileType = sourcecode.swift; path = Hue.swift; sourceTree = "<group>"; };
		B51D0B5D270301F30098A3FD /* Assignment.swift */ = {isa = PBXFileReference; lastKnownFileType = sourcecode.swift; path = Assignment.swift; sourceTree = "<group>"; };
		B51D0B602703077E0098A3FD /* AcrylicWhatsNew.swift */ = {isa = PBXFileReference; lastKnownFileType = sourcecode.swift; path = AcrylicWhatsNew.swift; sourceTree = "<group>"; };
		B51D0B62270309360098A3FD /* SafariView.swift */ = {isa = PBXFileReference; lastKnownFileType = sourcecode.swift; path = SafariView.swift; sourceTree = "<group>"; };
		B51D0B64270316510098A3FD /* CellHeightAnimatable.swift */ = {isa = PBXFileReference; lastKnownFileType = sourcecode.swift; path = CellHeightAnimatable.swift; sourceTree = "<group>"; };
		B51D0B66270318830098A3FD /* HiddenView.swift */ = {isa = PBXFileReference; lastKnownFileType = sourcecode.swift; path = HiddenView.swift; sourceTree = "<group>"; };
		B51D0B6A270384680098A3FD /* MeButton.swift */ = {isa = PBXFileReference; lastKnownFileType = sourcecode.swift; path = MeButton.swift; sourceTree = "<group>"; };
		B52F2D4426E13F6100AAEDC0 /* Date-Extensions.swift */ = {isa = PBXFileReference; lastKnownFileType = sourcecode.swift; path = "Date-Extensions.swift"; sourceTree = "<group>"; };
		B57A2C4D26D6B37F0047C6E2 /* Acrylic.app */ = {isa = PBXFileReference; explicitFileType = wrapper.application; includeInIndex = 0; path = Acrylic.app; sourceTree = BUILT_PRODUCTS_DIR; };
		B57A2C5026D6B37F0047C6E2 /* AcrylicApp.swift */ = {isa = PBXFileReference; lastKnownFileType = sourcecode.swift; path = AcrylicApp.swift; sourceTree = "<group>"; };
		B57A2C5226D6B37F0047C6E2 /* ContentView.swift */ = {isa = PBXFileReference; lastKnownFileType = sourcecode.swift; path = ContentView.swift; sourceTree = "<group>"; };
		B57A2C5426D6B3800047C6E2 /* Assets.xcassets */ = {isa = PBXFileReference; lastKnownFileType = folder.assetcatalog; path = Assets.xcassets; sourceTree = "<group>"; };
		B57A2C5726D6B3800047C6E2 /* Preview Assets.xcassets */ = {isa = PBXFileReference; lastKnownFileType = folder.assetcatalog; path = "Preview Assets.xcassets"; sourceTree = "<group>"; };
		B57A2C5E26D6B3800047C6E2 /* Info.plist */ = {isa = PBXFileReference; lastKnownFileType = text.plist.xml; path = Info.plist; sourceTree = "<group>"; };
		B57A2C6326D6B3800047C6E2 /* AcrylicTests.xctest */ = {isa = PBXFileReference; explicitFileType = wrapper.cfbundle; includeInIndex = 0; path = AcrylicTests.xctest; sourceTree = BUILT_PRODUCTS_DIR; };
		B57A2C6726D6B3800047C6E2 /* Assignment_TrackerTests.swift */ = {isa = PBXFileReference; lastKnownFileType = sourcecode.swift; path = Assignment_TrackerTests.swift; sourceTree = "<group>"; };
		B57A2C6926D6B3800047C6E2 /* Info.plist */ = {isa = PBXFileReference; lastKnownFileType = text.plist.xml; path = Info.plist; sourceTree = "<group>"; };
		B57A2C6E26D6B3800047C6E2 /* AcrylicUITests.xctest */ = {isa = PBXFileReference; explicitFileType = wrapper.cfbundle; includeInIndex = 0; path = AcrylicUITests.xctest; sourceTree = BUILT_PRODUCTS_DIR; };
		B57A2C7226D6B3800047C6E2 /* Assignment_TrackerUITests.swift */ = {isa = PBXFileReference; lastKnownFileType = sourcecode.swift; path = Assignment_TrackerUITests.swift; sourceTree = "<group>"; };
		B57A2C7426D6B3800047C6E2 /* Info.plist */ = {isa = PBXFileReference; lastKnownFileType = text.plist.xml; path = Info.plist; sourceTree = "<group>"; };
		B57A2C8A26D967250047C6E2 /* CourseList.swift */ = {isa = PBXFileReference; lastKnownFileType = sourcecode.swift; path = CourseList.swift; sourceTree = "<group>"; };
		B57A2C8D26D96E280047C6E2 /* Color-Extensions.swift */ = {isa = PBXFileReference; lastKnownFileType = sourcecode.swift; path = "Color-Extensions.swift"; sourceTree = "<group>"; };
		B57A2C8F26D9712A0047C6E2 /* AddCourse.swift */ = {isa = PBXFileReference; lastKnownFileType = sourcecode.swift; path = AddCourse.swift; sourceTree = "<group>"; };
		B57A2C9126DB37B00047C6E2 /* CourseColors.swift */ = {isa = PBXFileReference; lastKnownFileType = sourcecode.swift; path = CourseColors.swift; sourceTree = "<group>"; };
		B57A2C9526DB3CEB0047C6E2 /* View-Extensions.swift */ = {isa = PBXFileReference; lastKnownFileType = sourcecode.swift; path = "View-Extensions.swift"; sourceTree = "<group>"; };
		B57A2C9726DD7B650047C6E2 /* AssignmentList.swift */ = {isa = PBXFileReference; lastKnownFileType = sourcecode.swift; path = AssignmentList.swift; sourceTree = "<group>"; };
		B57A2C9D26DE8A450047C6E2 /* GetCourses.swift */ = {isa = PBXFileReference; lastKnownFileType = sourcecode.swift; path = GetCourses.swift; sourceTree = "<group>"; };
		B5A0986F26DEFA9500411DCC /* Settings.swift */ = {isa = PBXFileReference; lastKnownFileType = sourcecode.swift; path = Settings.swift; sourceTree = "<group>"; };
		B5A0987626E00E3300411DCC /* Array-AppStorage.swift */ = {isa = PBXFileReference; lastKnownFileType = sourcecode.swift; path = "Array-AppStorage.swift"; sourceTree = "<group>"; };
		B5A920E026EF3F3300A71336 /* Gradient-Foreground.swift */ = {isa = PBXFileReference; lastKnownFileType = sourcecode.swift; path = "Gradient-Foreground.swift"; sourceTree = "<group>"; };
		B5A920E226EF439200A71336 /* CanvasAPI.swift */ = {isa = PBXFileReference; lastKnownFileType = sourcecode.swift; path = CanvasAPI.swift; sourceTree = "<group>"; };
		B5A920E726EFB4FC00A71336 /* BoardingView.swift */ = {isa = PBXFileReference; lastKnownFileType = sourcecode.swift; path = BoardingView.swift; sourceTree = "<group>"; };
		B5ACC11226FEE8C7009A8E69 /* ColorsEqual.swift */ = {isa = PBXFileReference; lastKnownFileType = sourcecode.swift; path = ColorsEqual.swift; sourceTree = "<group>"; };
		B5ACC11426FFF6CA009A8E69 /* Bundle-Extensions.swift */ = {isa = PBXFileReference; lastKnownFileType = sourcecode.swift; path = "Bundle-Extensions.swift"; sourceTree = "<group>"; };
		B5ACC11627001550009A8E69 /* AppIcons.swift */ = {isa = PBXFileReference; lastKnownFileType = sourcecode.swift; path = AppIcons.swift; sourceTree = "<group>"; };
		B5ACC118270026AD009A8E69 /* AssignmentWidgetIntent.intentdefinition */ = {isa = PBXFileReference; lastKnownFileType = file.intentdefinition; path = AssignmentWidgetIntent.intentdefinition; sourceTree = "<group>"; };
/* End PBXFileReference section */

/* Begin PBXFrameworksBuildPhase section */
		B507F02326E3E15500861CEE /* Frameworks */ = {
			isa = PBXFrameworksBuildPhase;
			buildActionMask = 2147483647;
			files = (
				B507F02826E3E15500861CEE /* SwiftUI.framework in Frameworks */,
				B507F02726E3E15500861CEE /* WidgetKit.framework in Frameworks */,
			);
			runOnlyForDeploymentPostprocessing = 0;
		};
		B57A2C4A26D6B37F0047C6E2 /* Frameworks */ = {
			isa = PBXFrameworksBuildPhase;
			buildActionMask = 2147483647;
			files = (
				B5A920E626EFB03E00A71336 /* SwiftUIMailView in Frameworks */,
				B54E5EB126EBE07A0076C55C /* Introspect in Frameworks */,
				B51D0B3C27004A0A0098A3FD /* WhatsNewKitSwiftUI in Frameworks */,
				B51D0B3A27004A0A0098A3FD /* WhatsNewKit in Frameworks */,
			);
			runOnlyForDeploymentPostprocessing = 0;
		};
		B57A2C6026D6B3800047C6E2 /* Frameworks */ = {
			isa = PBXFrameworksBuildPhase;
			buildActionMask = 2147483647;
			files = (
			);
			runOnlyForDeploymentPostprocessing = 0;
		};
		B57A2C6B26D6B3800047C6E2 /* Frameworks */ = {
			isa = PBXFrameworksBuildPhase;
			buildActionMask = 2147483647;
			files = (
			);
			runOnlyForDeploymentPostprocessing = 0;
		};
/* End PBXFrameworksBuildPhase section */

/* Begin PBXGroup section */
		B507EFF226E2B6DD00861CEE /* Frameworks */ = {
			isa = PBXGroup;
			children = (
				B507EFF326E2B6DD00861CEE /* WidgetKit.framework */,
				B507EFF526E2B6DD00861CEE /* SwiftUI.framework */,
			);
			name = Frameworks;
			sourceTree = "<group>";
		};
		B507F02926E3E15500861CEE /* AssignmentWidget */ = {
			isa = PBXGroup;
			children = (
				B507F02A26E3E15500861CEE /* AssignmentWidget.swift */,
				B5ACC118270026AD009A8E69 /* AssignmentWidgetIntent.intentdefinition */,
				B507F02C26E3E15600861CEE /* Assets.xcassets */,
				B507F02E26E3E15600861CEE /* Info.plist */,
			);
			path = AssignmentWidget;
			sourceTree = "<group>";
		};
		B51D0B512702D5520098A3FD /* RandomColor */ = {
			isa = PBXGroup;
			children = (
				B51D0B522702D5520098A3FD /* Luminosity.swift */,
				B51D0B532702D5520098A3FD /* RandomColor.swift */,
				B51D0B542702D5520098A3FD /* ColorDefinition.swift */,
				B51D0B552702D5520098A3FD /* Hue.swift */,
			);
			path = RandomColor;
			sourceTree = "<group>";
		};
		B52F2D4226E11DEE00AAEDC0 /* Settings */ = {
			isa = PBXGroup;
			children = (
				B5A0986F26DEFA9500411DCC /* Settings.swift */,
				B51D0B3D27016F920098A3FD /* TipJarView.swift */,
				B51D0B66270318830098A3FD /* HiddenView.swift */,
			);
			path = Settings;
			sourceTree = "<group>";
		};
		B52F2D4326E120DE00AAEDC0 /* Assignments */ = {
			isa = PBXGroup;
			children = (
				B57A2C9726DD7B650047C6E2 /* AssignmentList.swift */,
				B51D0B6A270384680098A3FD /* MeButton.swift */,
				B507F05026EA929900861CEE /* MeView.swift */,
			);
			path = Assignments;
			sourceTree = "<group>";
		};
		B57A2C4426D6B37F0047C6E2 = {
			isa = PBXGroup;
			children = (
				B507F04226E407E100861CEE /* AssignmentWidget.entitlements */,
				B57A2C4F26D6B37F0047C6E2 /* Acrylic */,
				B57A2C6626D6B3800047C6E2 /* AcrylicTests */,
				B57A2C7126D6B3800047C6E2 /* AcrylicUITests */,
				B507F02926E3E15500861CEE /* AssignmentWidget */,
				B507EFF226E2B6DD00861CEE /* Frameworks */,
				B57A2C4E26D6B37F0047C6E2 /* Products */,
			);
			sourceTree = "<group>";
		};
		B57A2C4E26D6B37F0047C6E2 /* Products */ = {
			isa = PBXGroup;
			children = (
				B57A2C4D26D6B37F0047C6E2 /* Acrylic.app */,
				B57A2C6326D6B3800047C6E2 /* AcrylicTests.xctest */,
				B57A2C6E26D6B3800047C6E2 /* AcrylicUITests.xctest */,
				B507F02626E3E15500861CEE /* AssignmentWidget.appex */,
			);
			name = Products;
			sourceTree = "<group>";
		};
		B57A2C4F26D6B37F0047C6E2 /* Acrylic */ = {
			isa = PBXGroup;
			children = (
				B507F03F26E4038900861CEE /* Acrylic.entitlements */,
				B57A2C5026D6B37F0047C6E2 /* AcrylicApp.swift */,
				B57A2C5226D6B37F0047C6E2 /* ContentView.swift */,
				B51D0B602703077E0098A3FD /* AcrylicWhatsNew.swift */,
				B5ACC11627001550009A8E69 /* AppIcons.swift */,
				B5A920E926EFB4FF00A71336 /* Boarding */,
				B5A0986D26DEFA4500411DCC /* Courses */,
				B52F2D4326E120DE00AAEDC0 /* Assignments */,
				B52F2D4226E11DEE00AAEDC0 /* Settings */,
				B5A0986E26DEFA6E00411DCC /* Data */,
				B57A2C8C26D96E170047C6E2 /* Extensions */,
				B57A2C5E26D6B3800047C6E2 /* Info.plist */,
				B57A2C5426D6B3800047C6E2 /* Assets.xcassets */,
				B57A2C5626D6B3800047C6E2 /* Preview Content */,
			);
			path = Acrylic;
			sourceTree = "<group>";
		};
		B57A2C5626D6B3800047C6E2 /* Preview Content */ = {
			isa = PBXGroup;
			children = (
				B57A2C5726D6B3800047C6E2 /* Preview Assets.xcassets */,
			);
			path = "Preview Content";
			sourceTree = "<group>";
		};
		B57A2C6626D6B3800047C6E2 /* AcrylicTests */ = {
			isa = PBXGroup;
			children = (
				B57A2C6726D6B3800047C6E2 /* Assignment_TrackerTests.swift */,
				B57A2C6926D6B3800047C6E2 /* Info.plist */,
			);
			path = AcrylicTests;
			sourceTree = "<group>";
		};
		B57A2C7126D6B3800047C6E2 /* AcrylicUITests */ = {
			isa = PBXGroup;
			children = (
				B57A2C7226D6B3800047C6E2 /* Assignment_TrackerUITests.swift */,
				B57A2C7426D6B3800047C6E2 /* Info.plist */,
			);
			path = AcrylicUITests;
			sourceTree = "<group>";
		};
		B57A2C8C26D96E170047C6E2 /* Extensions */ = {
			isa = PBXGroup;
			children = (
				B51D0B512702D5520098A3FD /* RandomColor */,
				B52F2D4426E13F6100AAEDC0 /* Date-Extensions.swift */,
				B57A2C8D26D96E280047C6E2 /* Color-Extensions.swift */,
				B5ACC11226FEE8C7009A8E69 /* ColorsEqual.swift */,
				B5ACC11426FFF6CA009A8E69 /* Bundle-Extensions.swift */,
				B51D0B62270309360098A3FD /* SafariView.swift */,
				B5A920E026EF3F3300A71336 /* Gradient-Foreground.swift */,
				B5A0987626E00E3300411DCC /* Array-AppStorage.swift */,
				B51D0B64270316510098A3FD /* CellHeightAnimatable.swift */,
				B507F04C26E9EAAB00861CEE /* ReadSize.swift */,
				B507F04326E409D000861CEE /* URL-Extensions.swift */,
				B57A2C9126DB37B00047C6E2 /* CourseColors.swift */,
				B57A2C9526DB3CEB0047C6E2 /* View-Extensions.swift */,
			);
			path = Extensions;
			sourceTree = "<group>";
		};
		B5A0986D26DEFA4500411DCC /* Courses */ = {
			isa = PBXGroup;
			children = (
				B57A2C8A26D967250047C6E2 /* CourseList.swift */,
				B57A2C9D26DE8A450047C6E2 /* GetCourses.swift */,
				B57A2C8F26D9712A0047C6E2 /* AddCourse.swift */,
			);
			path = Courses;
			sourceTree = "<group>";
		};
		B5A0986E26DEFA6E00411DCC /* Data */ = {
			isa = PBXGroup;
			children = (
				B507F00726E2C0F600861CEE /* CanvasStructs.swift */,
				B5A920E226EF439200A71336 /* CanvasAPI.swift */,
				B507F04626E413A600861CEE /* Course.swift */,
				B51D0B5D270301F30098A3FD /* Assignment.swift */,
			);
			path = Data;
			sourceTree = "<group>";
		};
		B5A920E926EFB4FF00A71336 /* Boarding */ = {
			isa = PBXGroup;
			children = (
				B5A920E726EFB4FC00A71336 /* BoardingView.swift */,
			);
			path = Boarding;
			sourceTree = "<group>";
		};
/* End PBXGroup section */

/* Begin PBXNativeTarget section */
		B507F02526E3E15500861CEE /* AssignmentWidget */ = {
			isa = PBXNativeTarget;
			buildConfigurationList = B507F03226E3E15600861CEE /* Build configuration list for PBXNativeTarget "AssignmentWidget" */;
			buildPhases = (
				B507F02226E3E15500861CEE /* Sources */,
				B507F02326E3E15500861CEE /* Frameworks */,
				B507F02426E3E15500861CEE /* Resources */,
			);
			buildRules = (
			);
			dependencies = (
			);
			name = AssignmentWidget;
			productName = AssignmentWidgetExtension;
			productReference = B507F02626E3E15500861CEE /* AssignmentWidget.appex */;
			productType = "com.apple.product-type.app-extension";
		};
		B57A2C4C26D6B37F0047C6E2 /* Acrylic */ = {
			isa = PBXNativeTarget;
			buildConfigurationList = B57A2C7726D6B3800047C6E2 /* Build configuration list for PBXNativeTarget "Acrylic" */;
			buildPhases = (
				B57A2C4926D6B37F0047C6E2 /* Sources */,
				B57A2C4A26D6B37F0047C6E2 /* Frameworks */,
				B57A2C4B26D6B37F0047C6E2 /* Resources */,
				B507F00626E2B6DE00861CEE /* Embed App Extensions */,
			);
			buildRules = (
			);
			dependencies = (
				B507F03026E3E15600861CEE /* PBXTargetDependency */,
			);
			name = Acrylic;
			packageProductDependencies = (
				B54E5EB026EBE07A0076C55C /* Introspect */,
				B5A920E526EFB03E00A71336 /* SwiftUIMailView */,
				B51D0B3927004A0A0098A3FD /* WhatsNewKit */,
				B51D0B3B27004A0A0098A3FD /* WhatsNewKitSwiftUI */,
			);
			productName = "Assignment Tracker";
			productReference = B57A2C4D26D6B37F0047C6E2 /* Acrylic.app */;
			productType = "com.apple.product-type.application";
		};
		B57A2C6226D6B3800047C6E2 /* AcrylicTests */ = {
			isa = PBXNativeTarget;
			buildConfigurationList = B57A2C7A26D6B3800047C6E2 /* Build configuration list for PBXNativeTarget "AcrylicTests" */;
			buildPhases = (
				B57A2C5F26D6B3800047C6E2 /* Sources */,
				B57A2C6026D6B3800047C6E2 /* Frameworks */,
				B57A2C6126D6B3800047C6E2 /* Resources */,
			);
			buildRules = (
			);
			dependencies = (
				B57A2C6526D6B3800047C6E2 /* PBXTargetDependency */,
			);
			name = AcrylicTests;
			productName = "Assignment TrackerTests";
			productReference = B57A2C6326D6B3800047C6E2 /* AcrylicTests.xctest */;
			productType = "com.apple.product-type.bundle.unit-test";
		};
		B57A2C6D26D6B3800047C6E2 /* AcrylicUITests */ = {
			isa = PBXNativeTarget;
			buildConfigurationList = B57A2C7D26D6B3800047C6E2 /* Build configuration list for PBXNativeTarget "AcrylicUITests" */;
			buildPhases = (
				B57A2C6A26D6B3800047C6E2 /* Sources */,
				B57A2C6B26D6B3800047C6E2 /* Frameworks */,
				B57A2C6C26D6B3800047C6E2 /* Resources */,
			);
			buildRules = (
			);
			dependencies = (
				B57A2C7026D6B3800047C6E2 /* PBXTargetDependency */,
			);
			name = AcrylicUITests;
			productName = "Assignment TrackerUITests";
			productReference = B57A2C6E26D6B3800047C6E2 /* AcrylicUITests.xctest */;
			productType = "com.apple.product-type.bundle.ui-testing";
		};
/* End PBXNativeTarget section */

/* Begin PBXProject section */
		B57A2C4526D6B37F0047C6E2 /* Project object */ = {
			isa = PBXProject;
			attributes = {
				LastSwiftUpdateCheck = 1250;
				LastUpgradeCheck = 1250;
				TargetAttributes = {
					B507F02526E3E15500861CEE = {
						CreatedOnToolsVersion = 12.5;
					};
					B57A2C4C26D6B37F0047C6E2 = {
						CreatedOnToolsVersion = 12.5;
					};
					B57A2C6226D6B3800047C6E2 = {
						CreatedOnToolsVersion = 12.5;
						TestTargetID = B57A2C4C26D6B37F0047C6E2;
					};
					B57A2C6D26D6B3800047C6E2 = {
						CreatedOnToolsVersion = 12.5;
						TestTargetID = B57A2C4C26D6B37F0047C6E2;
					};
				};
			};
			buildConfigurationList = B57A2C4826D6B37F0047C6E2 /* Build configuration list for PBXProject "Acrylic" */;
			compatibilityVersion = "Xcode 9.3";
			developmentRegion = en;
			hasScannedForEncodings = 0;
			knownRegions = (
				en,
				Base,
			);
			mainGroup = B57A2C4426D6B37F0047C6E2;
			packageReferences = (
				B54E5EAF26EBE07A0076C55C /* XCRemoteSwiftPackageReference "SwiftUI-Introspect" */,
				B5A920E426EFB03E00A71336 /* XCRemoteSwiftPackageReference "swiftui-mail-view" */,
				B51D0B3827004A0A0098A3FD /* XCRemoteSwiftPackageReference "WhatsNewKit" */,
			);
			productRefGroup = B57A2C4E26D6B37F0047C6E2 /* Products */;
			projectDirPath = "";
			projectRoot = "";
			targets = (
				B57A2C4C26D6B37F0047C6E2 /* Acrylic */,
				B57A2C6226D6B3800047C6E2 /* AcrylicTests */,
				B57A2C6D26D6B3800047C6E2 /* AcrylicUITests */,
				B507F02526E3E15500861CEE /* AssignmentWidget */,
			);
		};
/* End PBXProject section */

/* Begin PBXResourcesBuildPhase section */
		B507F02426E3E15500861CEE /* Resources */ = {
			isa = PBXResourcesBuildPhase;
			buildActionMask = 2147483647;
			files = (
				B507F02D26E3E15600861CEE /* Assets.xcassets in Resources */,
			);
			runOnlyForDeploymentPostprocessing = 0;
		};
		B57A2C4B26D6B37F0047C6E2 /* Resources */ = {
			isa = PBXResourcesBuildPhase;
			buildActionMask = 2147483647;
			files = (
				B57A2C5826D6B3800047C6E2 /* Preview Assets.xcassets in Resources */,
				B57A2C5526D6B3800047C6E2 /* Assets.xcassets in Resources */,
			);
			runOnlyForDeploymentPostprocessing = 0;
		};
		B57A2C6126D6B3800047C6E2 /* Resources */ = {
			isa = PBXResourcesBuildPhase;
			buildActionMask = 2147483647;
			files = (
			);
			runOnlyForDeploymentPostprocessing = 0;
		};
		B57A2C6C26D6B3800047C6E2 /* Resources */ = {
			isa = PBXResourcesBuildPhase;
			buildActionMask = 2147483647;
			files = (
			);
			runOnlyForDeploymentPostprocessing = 0;
		};
/* End PBXResourcesBuildPhase section */

/* Begin PBXSourcesBuildPhase section */
		B507F02226E3E15500861CEE /* Sources */ = {
			isa = PBXSourcesBuildPhase;
			buildActionMask = 2147483647;
			files = (
				B51D0B5F2703024F0098A3FD /* Assignment.swift in Sources */,
				B507F04826E41EBA00861CEE /* Course.swift in Sources */,
				B507F03C26E3E26600861CEE /* Array-AppStorage.swift in Sources */,
				B507F03A26E3E26200861CEE /* Date-Extensions.swift in Sources */,
				B507F03D26E3E26800861CEE /* CourseColors.swift in Sources */,
				B507F04F26E9EFDD00861CEE /* ReadSize.swift in Sources */,
				B507F03526E3E23100861CEE /* CanvasStructs.swift in Sources */,
				B51D0B2E27002A8F0098A3FD /* AssignmentWidgetIntent.intentdefinition in Sources */,
				B507F02B26E3E15500861CEE /* AssignmentWidget.swift in Sources */,
				B507F03B26E3E26400861CEE /* Color-Extensions.swift in Sources */,
				B51547C927054F0C00AE5C3B /* CanvasAPI.swift in Sources */,
				B507F03E26E3E26A00861CEE /* View-Extensions.swift in Sources */,
				B507F04526E409D700861CEE /* URL-Extensions.swift in Sources */,
			);
			runOnlyForDeploymentPostprocessing = 0;
		};
		B57A2C4926D6B37F0047C6E2 /* Sources */ = {
			isa = PBXSourcesBuildPhase;
			buildActionMask = 2147483647;
			files = (
				B57A2C9226DB37B00047C6E2 /* CourseColors.swift in Sources */,
				B51D0B65270316510098A3FD /* CellHeightAnimatable.swift in Sources */,
				B51D0B3E27016F920098A3FD /* TipJarView.swift in Sources */,
				B57A2C9E26DE8A450047C6E2 /* GetCourses.swift in Sources */,
				B507F04426E409D000861CEE /* URL-Extensions.swift in Sources */,
				B507F05126EA929900861CEE /* MeView.swift in Sources */,
				B57A2C9026D9712A0047C6E2 /* AddCourse.swift in Sources */,
				B57A2C5326D6B37F0047C6E2 /* ContentView.swift in Sources */,
				B52F2D4526E13F6100AAEDC0 /* Date-Extensions.swift in Sources */,
				B5A920E126EF3F3300A71336 /* Gradient-Foreground.swift in Sources */,
				B57A2C5126D6B37F0047C6E2 /* AcrylicApp.swift in Sources */,
				B5ACC11526FFF6CA009A8E69 /* Bundle-Extensions.swift in Sources */,
				B507F04D26E9EAAB00861CEE /* ReadSize.swift in Sources */,
				B51D0B5A2702D5520098A3FD /* ColorDefinition.swift in Sources */,
				B51D0B5B2702D5520098A3FD /* Hue.swift in Sources */,
				B507F04726E413A600861CEE /* Course.swift in Sources */,
				B51D0B592702D5520098A3FD /* RandomColor.swift in Sources */,
				B5A0987726E00E3300411DCC /* Array-AppStorage.swift in Sources */,
				B5A920E826EFB4FC00A71336 /* BoardingView.swift in Sources */,
				B51D0B5E270301F30098A3FD /* Assignment.swift in Sources */,
				B57A2C9826DD7B650047C6E2 /* AssignmentList.swift in Sources */,
				B51D0B6B270384680098A3FD /* MeButton.swift in Sources */,
				B51D0B612703077E0098A3FD /* AcrylicWhatsNew.swift in Sources */,
				B51D0B67270318830098A3FD /* HiddenView.swift in Sources */,
				B5A0987026DEFA9500411DCC /* Settings.swift in Sources */,
				B57A2C8E26D96E280047C6E2 /* Color-Extensions.swift in Sources */,
				B5A920E326EF439200A71336 /* CanvasAPI.swift in Sources */,
				B57A2C9626DB3CEB0047C6E2 /* View-Extensions.swift in Sources */,
				B507F00826E2C0F700861CEE /* CanvasStructs.swift in Sources */,
				B5ACC11326FEE8C7009A8E69 /* ColorsEqual.swift in Sources */,
				B5ACC11727001550009A8E69 /* AppIcons.swift in Sources */,
				B51D0B63270309360098A3FD /* SafariView.swift in Sources */,
				B57A2C8B26D967250047C6E2 /* CourseList.swift in Sources */,
				B51D0B582702D5520098A3FD /* Luminosity.swift in Sources */,
				B51D0B2F2700342D0098A3FD /* AssignmentWidgetIntent.intentdefinition in Sources */,
			);
			runOnlyForDeploymentPostprocessing = 0;
		};
		B57A2C5F26D6B3800047C6E2 /* Sources */ = {
			isa = PBXSourcesBuildPhase;
			buildActionMask = 2147483647;
			files = (
				B57A2C6826D6B3800047C6E2 /* Assignment_TrackerTests.swift in Sources */,
			);
			runOnlyForDeploymentPostprocessing = 0;
		};
		B57A2C6A26D6B3800047C6E2 /* Sources */ = {
			isa = PBXSourcesBuildPhase;
			buildActionMask = 2147483647;
			files = (
				B57A2C7326D6B3800047C6E2 /* Assignment_TrackerUITests.swift in Sources */,
			);
			runOnlyForDeploymentPostprocessing = 0;
		};
/* End PBXSourcesBuildPhase section */

/* Begin PBXTargetDependency section */
		B507F03026E3E15600861CEE /* PBXTargetDependency */ = {
			isa = PBXTargetDependency;
			target = B507F02526E3E15500861CEE /* AssignmentWidget */;
			targetProxy = B507F02F26E3E15600861CEE /* PBXContainerItemProxy */;
		};
		B57A2C6526D6B3800047C6E2 /* PBXTargetDependency */ = {
			isa = PBXTargetDependency;
			target = B57A2C4C26D6B37F0047C6E2 /* Acrylic */;
			targetProxy = B57A2C6426D6B3800047C6E2 /* PBXContainerItemProxy */;
		};
		B57A2C7026D6B3800047C6E2 /* PBXTargetDependency */ = {
			isa = PBXTargetDependency;
			target = B57A2C4C26D6B37F0047C6E2 /* Acrylic */;
			targetProxy = B57A2C6F26D6B3800047C6E2 /* PBXContainerItemProxy */;
		};
/* End PBXTargetDependency section */

/* Begin XCBuildConfiguration section */
		B507F03326E3E15600861CEE /* Debug */ = {
			isa = XCBuildConfiguration;
			buildSettings = {
				ASSETCATALOG_COMPILER_ALTERNATE_APPICON_NAMES = "Inverted Wavy Snake Royal Deep Blood NotPlaying Musical Superspreader LimitReached IsTyping... Influencer Helms Baker";
				ASSETCATALOG_COMPILER_GLOBAL_ACCENT_COLOR_NAME = AccentColor;
				ASSETCATALOG_COMPILER_WIDGET_BACKGROUND_COLOR_NAME = WidgetBackground;
				CODE_SIGN_ENTITLEMENTS = AssignmentWidget.entitlements;
				CODE_SIGN_STYLE = Automatic;
				CURRENT_PROJECT_VERSION = 3;
				DEVELOPMENT_TEAM = T8PATWK92J;
				INFOPLIST_FILE = AssignmentWidget/Info.plist;
				IPHONEOS_DEPLOYMENT_TARGET = 15.0;
				LD_RUNPATH_SEARCH_PATHS = (
					"$(inherited)",
					"@executable_path/Frameworks",
					"@executable_path/../../Frameworks",
				);
				MARKETING_VERSION = 1.2;
				PRODUCT_BUNDLE_IDENTIFIER = com.benk.acrylic.widget;
				PRODUCT_NAME = "$(TARGET_NAME)";
				SKIP_INSTALL = YES;
				SWIFT_VERSION = 5.0;
				TARGETED_DEVICE_FAMILY = "1,2";
			};
			name = Debug;
		};
		B507F03426E3E15600861CEE /* Release */ = {
			isa = XCBuildConfiguration;
			buildSettings = {
				ASSETCATALOG_COMPILER_ALTERNATE_APPICON_NAMES = "Inverted Wavy Snake Royal Deep Blood NotPlaying Musical Superspreader LimitReached IsTyping... Influencer Helms Baker";
				ASSETCATALOG_COMPILER_GLOBAL_ACCENT_COLOR_NAME = AccentColor;
				ASSETCATALOG_COMPILER_WIDGET_BACKGROUND_COLOR_NAME = WidgetBackground;
				CODE_SIGN_ENTITLEMENTS = AssignmentWidget.entitlements;
				CODE_SIGN_STYLE = Automatic;
				CURRENT_PROJECT_VERSION = 3;
				DEVELOPMENT_TEAM = T8PATWK92J;
				INFOPLIST_FILE = AssignmentWidget/Info.plist;
				IPHONEOS_DEPLOYMENT_TARGET = 15.0;
				LD_RUNPATH_SEARCH_PATHS = (
					"$(inherited)",
					"@executable_path/Frameworks",
					"@executable_path/../../Frameworks",
				);
				MARKETING_VERSION = 1.2;
				PRODUCT_BUNDLE_IDENTIFIER = com.benk.acrylic.widget;
				PRODUCT_NAME = "$(TARGET_NAME)";
				SKIP_INSTALL = YES;
				SWIFT_VERSION = 5.0;
				TARGETED_DEVICE_FAMILY = "1,2";
			};
			name = Release;
		};
		B57A2C7526D6B3800047C6E2 /* Debug */ = {
			isa = XCBuildConfiguration;
			buildSettings = {
				ALWAYS_SEARCH_USER_PATHS = NO;
				ASSETCATALOG_COMPILER_ALTERNATE_APPICON_NAMES = "Inverted Wavy Snake Royal Deep Blood NotPlaying Musical Superspreader LimitReached IsTyping... Influencer Helms Baker";
				ASSETCATALOG_COMPILER_INCLUDE_ALL_APPICON_ASSETS = NO;
				CLANG_ANALYZER_NONNULL = YES;
				CLANG_ANALYZER_NUMBER_OBJECT_CONVERSION = YES_AGGRESSIVE;
				CLANG_CXX_LANGUAGE_STANDARD = "gnu++14";
				CLANG_CXX_LIBRARY = "libc++";
				CLANG_ENABLE_MODULES = YES;
				CLANG_ENABLE_OBJC_ARC = YES;
				CLANG_ENABLE_OBJC_WEAK = YES;
				CLANG_WARN_BLOCK_CAPTURE_AUTORELEASING = YES;
				CLANG_WARN_BOOL_CONVERSION = YES;
				CLANG_WARN_COMMA = YES;
				CLANG_WARN_CONSTANT_CONVERSION = YES;
				CLANG_WARN_DEPRECATED_OBJC_IMPLEMENTATIONS = YES;
				CLANG_WARN_DIRECT_OBJC_ISA_USAGE = YES_ERROR;
				CLANG_WARN_DOCUMENTATION_COMMENTS = YES;
				CLANG_WARN_EMPTY_BODY = YES;
				CLANG_WARN_ENUM_CONVERSION = YES;
				CLANG_WARN_INFINITE_RECURSION = YES;
				CLANG_WARN_INT_CONVERSION = YES;
				CLANG_WARN_NON_LITERAL_NULL_CONVERSION = YES;
				CLANG_WARN_OBJC_IMPLICIT_RETAIN_SELF = YES;
				CLANG_WARN_OBJC_LITERAL_CONVERSION = YES;
				CLANG_WARN_OBJC_ROOT_CLASS = YES_ERROR;
				CLANG_WARN_QUOTED_INCLUDE_IN_FRAMEWORK_HEADER = YES;
				CLANG_WARN_RANGE_LOOP_ANALYSIS = YES;
				CLANG_WARN_STRICT_PROTOTYPES = YES;
				CLANG_WARN_SUSPICIOUS_MOVE = YES;
				CLANG_WARN_UNGUARDED_AVAILABILITY = YES_AGGRESSIVE;
				CLANG_WARN_UNREACHABLE_CODE = YES;
				CLANG_WARN__DUPLICATE_METHOD_MATCH = YES;
				COPY_PHASE_STRIP = NO;
				DEBUG_INFORMATION_FORMAT = dwarf;
				ENABLE_STRICT_OBJC_MSGSEND = YES;
				ENABLE_TESTABILITY = YES;
				GCC_C_LANGUAGE_STANDARD = gnu11;
				GCC_DYNAMIC_NO_PIC = NO;
				GCC_NO_COMMON_BLOCKS = YES;
				GCC_OPTIMIZATION_LEVEL = 0;
				GCC_PREPROCESSOR_DEFINITIONS = (
					"DEBUG=1",
					"$(inherited)",
				);
				GCC_WARN_64_TO_32_BIT_CONVERSION = YES;
				GCC_WARN_ABOUT_RETURN_TYPE = YES_ERROR;
				GCC_WARN_UNDECLARED_SELECTOR = YES;
				GCC_WARN_UNINITIALIZED_AUTOS = YES_AGGRESSIVE;
				GCC_WARN_UNUSED_FUNCTION = YES;
				GCC_WARN_UNUSED_VARIABLE = YES;
				IPHONEOS_DEPLOYMENT_TARGET = 15.0;
				MTL_ENABLE_DEBUG_INFO = INCLUDE_SOURCE;
				MTL_FAST_MATH = YES;
				ONLY_ACTIVE_ARCH = YES;
				SDKROOT = iphoneos;
				SWIFT_ACTIVE_COMPILATION_CONDITIONS = DEBUG;
				SWIFT_OPTIMIZATION_LEVEL = "-Onone";
			};
			name = Debug;
		};
		B57A2C7626D6B3800047C6E2 /* Release */ = {
			isa = XCBuildConfiguration;
			buildSettings = {
				ALWAYS_SEARCH_USER_PATHS = NO;
				ASSETCATALOG_COMPILER_ALTERNATE_APPICON_NAMES = "Inverted Wavy Snake Royal Deep Blood NotPlaying Musical Superspreader LimitReached IsTyping... Influencer Helms Baker";
				ASSETCATALOG_COMPILER_INCLUDE_ALL_APPICON_ASSETS = NO;
				CLANG_ANALYZER_NONNULL = YES;
				CLANG_ANALYZER_NUMBER_OBJECT_CONVERSION = YES_AGGRESSIVE;
				CLANG_CXX_LANGUAGE_STANDARD = "gnu++14";
				CLANG_CXX_LIBRARY = "libc++";
				CLANG_ENABLE_MODULES = YES;
				CLANG_ENABLE_OBJC_ARC = YES;
				CLANG_ENABLE_OBJC_WEAK = YES;
				CLANG_WARN_BLOCK_CAPTURE_AUTORELEASING = YES;
				CLANG_WARN_BOOL_CONVERSION = YES;
				CLANG_WARN_COMMA = YES;
				CLANG_WARN_CONSTANT_CONVERSION = YES;
				CLANG_WARN_DEPRECATED_OBJC_IMPLEMENTATIONS = YES;
				CLANG_WARN_DIRECT_OBJC_ISA_USAGE = YES_ERROR;
				CLANG_WARN_DOCUMENTATION_COMMENTS = YES;
				CLANG_WARN_EMPTY_BODY = YES;
				CLANG_WARN_ENUM_CONVERSION = YES;
				CLANG_WARN_INFINITE_RECURSION = YES;
				CLANG_WARN_INT_CONVERSION = YES;
				CLANG_WARN_NON_LITERAL_NULL_CONVERSION = YES;
				CLANG_WARN_OBJC_IMPLICIT_RETAIN_SELF = YES;
				CLANG_WARN_OBJC_LITERAL_CONVERSION = YES;
				CLANG_WARN_OBJC_ROOT_CLASS = YES_ERROR;
				CLANG_WARN_QUOTED_INCLUDE_IN_FRAMEWORK_HEADER = YES;
				CLANG_WARN_RANGE_LOOP_ANALYSIS = YES;
				CLANG_WARN_STRICT_PROTOTYPES = YES;
				CLANG_WARN_SUSPICIOUS_MOVE = YES;
				CLANG_WARN_UNGUARDED_AVAILABILITY = YES_AGGRESSIVE;
				CLANG_WARN_UNREACHABLE_CODE = YES;
				CLANG_WARN__DUPLICATE_METHOD_MATCH = YES;
				COPY_PHASE_STRIP = NO;
				DEBUG_INFORMATION_FORMAT = "dwarf-with-dsym";
				ENABLE_NS_ASSERTIONS = NO;
				ENABLE_STRICT_OBJC_MSGSEND = YES;
				GCC_C_LANGUAGE_STANDARD = gnu11;
				GCC_NO_COMMON_BLOCKS = YES;
				GCC_WARN_64_TO_32_BIT_CONVERSION = YES;
				GCC_WARN_ABOUT_RETURN_TYPE = YES_ERROR;
				GCC_WARN_UNDECLARED_SELECTOR = YES;
				GCC_WARN_UNINITIALIZED_AUTOS = YES_AGGRESSIVE;
				GCC_WARN_UNUSED_FUNCTION = YES;
				GCC_WARN_UNUSED_VARIABLE = YES;
				IPHONEOS_DEPLOYMENT_TARGET = 15.0;
				MTL_ENABLE_DEBUG_INFO = NO;
				MTL_FAST_MATH = YES;
				SDKROOT = iphoneos;
				SWIFT_COMPILATION_MODE = wholemodule;
				SWIFT_OPTIMIZATION_LEVEL = "-O";
				VALIDATE_PRODUCT = YES;
			};
			name = Release;
		};
		B57A2C7826D6B3800047C6E2 /* Debug */ = {
			isa = XCBuildConfiguration;
			buildSettings = {
				ALWAYS_EMBED_SWIFT_STANDARD_LIBRARIES = YES;
				ASSETCATALOG_COMPILER_ALTERNATE_APPICON_NAMES = "Inverted Wavy Snake Royal Deep Blood NotPlaying Musical Superspreader LimitReached IsTyping... Influencer Helms Baker";
				ASSETCATALOG_COMPILER_APPICON_NAME = AppIcon;
				ASSETCATALOG_COMPILER_GLOBAL_ACCENT_COLOR_NAME = AccentColor;
				ASSETCATALOG_COMPILER_INCLUDE_ALL_APPICON_ASSETS = NO;
				CODE_SIGN_ENTITLEMENTS = Acrylic/Acrylic.entitlements;
				CODE_SIGN_STYLE = Automatic;
				CURRENT_PROJECT_VERSION = 3;
				DEVELOPMENT_ASSET_PATHS = "\"Acrylic/Preview Content\"";
				DEVELOPMENT_TEAM = T8PATWK92J;
				ENABLE_PREVIEWS = YES;
				GCC_NO_COMMON_BLOCKS = YES;
				INFOPLIST_FILE = Acrylic/Info.plist;
				IPHONEOS_DEPLOYMENT_TARGET = 15.0;
				LD_RUNPATH_SEARCH_PATHS = (
					"$(inherited)",
					"@executable_path/Frameworks",
				);
				MARKETING_VERSION = 1.2;
				PRODUCT_BUNDLE_IDENTIFIER = com.benk.acrylic;
				PRODUCT_NAME = "$(TARGET_NAME)";
				SWIFT_VERSION = 5.0;
				TARGETED_DEVICE_FAMILY = 1;
			};
			name = Debug;
		};
		B57A2C7926D6B3800047C6E2 /* Release */ = {
			isa = XCBuildConfiguration;
			buildSettings = {
				ALWAYS_EMBED_SWIFT_STANDARD_LIBRARIES = YES;
				ASSETCATALOG_COMPILER_ALTERNATE_APPICON_NAMES = "Inverted Wavy Snake Royal Deep Blood NotPlaying Musical Superspreader LimitReached IsTyping... Influencer Helms Baker";
				ASSETCATALOG_COMPILER_APPICON_NAME = AppIcon;
				ASSETCATALOG_COMPILER_GLOBAL_ACCENT_COLOR_NAME = AccentColor;
				ASSETCATALOG_COMPILER_INCLUDE_ALL_APPICON_ASSETS = NO;
				CODE_SIGN_ENTITLEMENTS = Acrylic/Acrylic.entitlements;
				CODE_SIGN_STYLE = Automatic;
				CURRENT_PROJECT_VERSION = 3;
				DEVELOPMENT_ASSET_PATHS = "\"Acrylic/Preview Content\"";
				DEVELOPMENT_TEAM = T8PATWK92J;
				ENABLE_PREVIEWS = YES;
				GCC_NO_COMMON_BLOCKS = YES;
				INFOPLIST_FILE = Acrylic/Info.plist;
				IPHONEOS_DEPLOYMENT_TARGET = 15.0;
				LD_RUNPATH_SEARCH_PATHS = (
					"$(inherited)",
					"@executable_path/Frameworks",
				);
				MARKETING_VERSION = 1.2;
				PRODUCT_BUNDLE_IDENTIFIER = com.benk.acrylic;
				PRODUCT_NAME = "$(TARGET_NAME)";
				SWIFT_VERSION = 5.0;
				TARGETED_DEVICE_FAMILY = 1;
			};
			name = Release;
		};
		B57A2C7B26D6B3800047C6E2 /* Debug */ = {
			isa = XCBuildConfiguration;
			buildSettings = {
				ALWAYS_EMBED_SWIFT_STANDARD_LIBRARIES = YES;
				BUNDLE_LOADER = "$(TEST_HOST)";
				CODE_SIGN_STYLE = Automatic;
				DEVELOPMENT_TEAM = T8PATWK92J;
				INFOPLIST_FILE = AcrylicTests/Info.plist;
				IPHONEOS_DEPLOYMENT_TARGET = 14.5;
				LD_RUNPATH_SEARCH_PATHS = (
					"$(inherited)",
					"@executable_path/Frameworks",
					"@loader_path/Frameworks",
				);
				PRODUCT_BUNDLE_IDENTIFIER = "com.benk.acrylic.Assignment-TrackerTests";
				PRODUCT_NAME = "$(TARGET_NAME)";
				SWIFT_VERSION = 5.0;
				TARGETED_DEVICE_FAMILY = "1,2";
				TEST_HOST = "$(BUILT_PRODUCTS_DIR)/Acrylic.app/Acrylic";
			};
			name = Debug;
		};
		B57A2C7C26D6B3800047C6E2 /* Release */ = {
			isa = XCBuildConfiguration;
			buildSettings = {
				ALWAYS_EMBED_SWIFT_STANDARD_LIBRARIES = YES;
				BUNDLE_LOADER = "$(TEST_HOST)";
				CODE_SIGN_STYLE = Automatic;
				DEVELOPMENT_TEAM = T8PATWK92J;
				INFOPLIST_FILE = AcrylicTests/Info.plist;
				IPHONEOS_DEPLOYMENT_TARGET = 14.5;
				LD_RUNPATH_SEARCH_PATHS = (
					"$(inherited)",
					"@executable_path/Frameworks",
					"@loader_path/Frameworks",
				);
				PRODUCT_BUNDLE_IDENTIFIER = "com.benk.acrylic.Assignment-TrackerTests";
				PRODUCT_NAME = "$(TARGET_NAME)";
				SWIFT_VERSION = 5.0;
				TARGETED_DEVICE_FAMILY = "1,2";
				TEST_HOST = "$(BUILT_PRODUCTS_DIR)/Acrylic.app/Acrylic";
			};
			name = Release;
		};
		B57A2C7E26D6B3800047C6E2 /* Debug */ = {
			isa = XCBuildConfiguration;
			buildSettings = {
				ALWAYS_EMBED_SWIFT_STANDARD_LIBRARIES = YES;
				CODE_SIGN_STYLE = Automatic;
				DEVELOPMENT_TEAM = T8PATWK92J;
				INFOPLIST_FILE = AcrylicUITests/Info.plist;
				LD_RUNPATH_SEARCH_PATHS = (
					"$(inherited)",
					"@executable_path/Frameworks",
					"@loader_path/Frameworks",
				);
				PRODUCT_BUNDLE_IDENTIFIER = "com.benk.acrylic.Assignment-TrackerUITests";
				PRODUCT_NAME = "$(TARGET_NAME)";
				SWIFT_VERSION = 5.0;
				TARGETED_DEVICE_FAMILY = "1,2";
				TEST_TARGET_NAME = Acrylic;
			};
			name = Debug;
		};
		B57A2C7F26D6B3800047C6E2 /* Release */ = {
			isa = XCBuildConfiguration;
			buildSettings = {
				ALWAYS_EMBED_SWIFT_STANDARD_LIBRARIES = YES;
				CODE_SIGN_STYLE = Automatic;
				DEVELOPMENT_TEAM = T8PATWK92J;
				INFOPLIST_FILE = AcrylicUITests/Info.plist;
				LD_RUNPATH_SEARCH_PATHS = (
					"$(inherited)",
					"@executable_path/Frameworks",
					"@loader_path/Frameworks",
				);
				PRODUCT_BUNDLE_IDENTIFIER = "com.benk.acrylic.Assignment-TrackerUITests";
				PRODUCT_NAME = "$(TARGET_NAME)";
				SWIFT_VERSION = 5.0;
				TARGETED_DEVICE_FAMILY = "1,2";
				TEST_TARGET_NAME = Acrylic;
			};
			name = Release;
		};
/* End XCBuildConfiguration section */

/* Begin XCConfigurationList section */
		B507F03226E3E15600861CEE /* Build configuration list for PBXNativeTarget "AssignmentWidget" */ = {
			isa = XCConfigurationList;
			buildConfigurations = (
				B507F03326E3E15600861CEE /* Debug */,
				B507F03426E3E15600861CEE /* Release */,
			);
			defaultConfigurationIsVisible = 0;
			defaultConfigurationName = Release;
		};
		B57A2C4826D6B37F0047C6E2 /* Build configuration list for PBXProject "Acrylic" */ = {
			isa = XCConfigurationList;
			buildConfigurations = (
				B57A2C7526D6B3800047C6E2 /* Debug */,
				B57A2C7626D6B3800047C6E2 /* Release */,
			);
			defaultConfigurationIsVisible = 0;
			defaultConfigurationName = Release;
		};
		B57A2C7726D6B3800047C6E2 /* Build configuration list for PBXNativeTarget "Acrylic" */ = {
			isa = XCConfigurationList;
			buildConfigurations = (
				B57A2C7826D6B3800047C6E2 /* Debug */,
				B57A2C7926D6B3800047C6E2 /* Release */,
			);
			defaultConfigurationIsVisible = 0;
			defaultConfigurationName = Release;
		};
		B57A2C7A26D6B3800047C6E2 /* Build configuration list for PBXNativeTarget "AcrylicTests" */ = {
			isa = XCConfigurationList;
			buildConfigurations = (
				B57A2C7B26D6B3800047C6E2 /* Debug */,
				B57A2C7C26D6B3800047C6E2 /* Release */,
			);
			defaultConfigurationIsVisible = 0;
			defaultConfigurationName = Release;
		};
		B57A2C7D26D6B3800047C6E2 /* Build configuration list for PBXNativeTarget "AcrylicUITests" */ = {
			isa = XCConfigurationList;
			buildConfigurations = (
				B57A2C7E26D6B3800047C6E2 /* Debug */,
				B57A2C7F26D6B3800047C6E2 /* Release */,
			);
			defaultConfigurationIsVisible = 0;
			defaultConfigurationName = Release;
		};
/* End XCConfigurationList section */

/* Begin XCRemoteSwiftPackageReference section */
		B51D0B3827004A0A0098A3FD /* XCRemoteSwiftPackageReference "WhatsNewKit" */ = {
			isa = XCRemoteSwiftPackageReference;
			repositoryURL = "https://github.com/SvenTiigi/WhatsNewKit";
			requirement = {
				branch = "feature/swift-ui";
				kind = branch;
			};
		};
		B54E5EAF26EBE07A0076C55C /* XCRemoteSwiftPackageReference "SwiftUI-Introspect" */ = {
			isa = XCRemoteSwiftPackageReference;
			repositoryURL = "https://github.com/siteline/SwiftUI-Introspect";
			requirement = {
				kind = upToNextMajorVersion;
				minimumVersion = 0.1.3;
			};
		};
		B5A920E426EFB03E00A71336 /* XCRemoteSwiftPackageReference "swiftui-mail-view" */ = {
			isa = XCRemoteSwiftPackageReference;
			repositoryURL = "https://github.com/globulus/swiftui-mail-view";
			requirement = {
				kind = upToNextMajorVersion;
				minimumVersion = 1.0.1;
			};
		};
/* End XCRemoteSwiftPackageReference section */

/* Begin XCSwiftPackageProductDependency section */
		B51D0B3927004A0A0098A3FD /* WhatsNewKit */ = {
			isa = XCSwiftPackageProductDependency;
			package = B51D0B3827004A0A0098A3FD /* XCRemoteSwiftPackageReference "WhatsNewKit" */;
			productName = WhatsNewKit;
		};
		B51D0B3B27004A0A0098A3FD /* WhatsNewKitSwiftUI */ = {
			isa = XCSwiftPackageProductDependency;
			package = B51D0B3827004A0A0098A3FD /* XCRemoteSwiftPackageReference "WhatsNewKit" */;
			productName = WhatsNewKitSwiftUI;
		};
		B54E5EB026EBE07A0076C55C /* Introspect */ = {
			isa = XCSwiftPackageProductDependency;
			package = B54E5EAF26EBE07A0076C55C /* XCRemoteSwiftPackageReference "SwiftUI-Introspect" */;
			productName = Introspect;
		};
		B5A920E526EFB03E00A71336 /* SwiftUIMailView */ = {
			isa = XCSwiftPackageProductDependency;
			package = B5A920E426EFB03E00A71336 /* XCRemoteSwiftPackageReference "swiftui-mail-view" */;
			productName = SwiftUIMailView;
		};
/* End XCSwiftPackageProductDependency section */
	};
	rootObject = B57A2C4526D6B37F0047C6E2 /* Project object */;
}
