{
  "object": {
    "pins": [
      {
        "package": "Introspect",
        "repositoryURL": "https://github.com/siteline/SwiftUI-Introspect",
        "state": {
          "branch": null,
          "revision": "2e09be8af614401bc9f87d40093ec19ce56ccaf2",
          "version": "0.1.3"
        }
      },
      {
        "package": "SwiftUIMailView",
        "repositoryURL": "https://github.com/globulus/swiftui-mail-view",
        "state": {
          "branch": null,
          "revision": "dad1d289cb904d477f2fbabcca5ba82bfcfb2ea6",
          "version": "1.0.1"
        }
      },
      {
        "package": "WhatsNewKit",
        "repositoryURL": "https://github.com/SvenTiigi/WhatsNewKit",
        "state": {
          "branch": "feature/swift-ui",
          "revision": "fe04fa4191ec34ea2ff60a612567c10a1f483390",
          "version": null
        }
      }
    ]
  },
  "version": 1
}
